
Microsoft Visual Studio Solution File, Format Version 12.00
# Visual Studio Version 17
VisualStudioVersion = 17.14.36408.4 d17.14
MinimumVisualStudioVersion = 10.0.40219.1
Project("{FAE04EC0-301F-11D3-BF4B-00C04F79EFBC}") = "JamLinkComputers", "HadarJamLink\JamLinkComputers.csproj", "{88CC5608-5CAB-48AD-B674-6A922A461770}"
EndProject
Global
	GlobalSection(SolutionConfigurationPlatforms) = preSolution
		Debug|Any CPU = Debug|Any CPU
		Release|Any CPU = Release|Any CPU
	EndGlobalSection
	GlobalSection(ProjectConfigurationPlatforms) = postSolution
		{88CC5608-5CAB-48AD-B674-6A922A461770}.Debug|Any CPU.ActiveCfg = Debug|Any CPU
		{88CC5608-5CAB-48AD-B674-6A922A461770}.Debug|Any CPU.Build.0 = Debug|Any CPU
		{88CC5608-5CAB-48AD-B674-6A922A461770}.Release|Any CPU.ActiveCfg = Release|Any CPU
		{88CC5608-5CAB-48AD-B674-6A922A461770}.Release|Any CPU.Build.0 = Release|Any CPU
	EndGlobalSection
	GlobalSection(SolutionProperties) = preSolution
		HideSolutionNode = FALSE
	EndGlobalSection
	GlobalSection(ExtensibilityGlobals) = postSolution
		SolutionGuid = {25216E91-6579-4773-A90C-AAA56B8C0983}
	EndGlobalSection
EndGlobal
